# This file was autogenerated by Stack.
# You should not edit this file by hand.
# For more information, please see the documentation at:
#   https://docs.haskellstack.org/en/stable/lock_files

packages: []
snapshots:
- completed:
    sha256: 8809197159ce65ec2d66f91982e4844ad0c2cbd1126df42146dd103c0ea6cac0
    size: 640063
    url: https://raw.githubusercontent.com/commercialhaskell/stackage-snapshots/master/lts/21/23.yaml
  original: lts-21.23
